
Microsoft Visual Studio Solution File, Format Version 12.00
# Visual Studio 15
Project("{FAE04EC0-301F-11D3-BF4B-00C04F79EFBC}") = "Assembly-CSharp", "Assembly-CSharp.csproj", "{E5C10F78-B883-088F-B31F-E8FCDE462C2B}"
EndProject
Project("{FAE04EC0-301F-11D3-BF4B-00C04F79EFBC}") = "Assembly-CSharp-firstpass", "Assembly-CSharp-firstpass.csproj", "{4287F0FC-03CF-4705-6FE9-346641A1967E}"
EndProject
Project("{FAE04EC0-301F-11D3-BF4B-00C04F79EFBC}") = "Assembly-CSharp-Editor-firstpass", "Assembly-CSharp-Editor-firstpass.csproj", "{60AB1F49-0FCE-2506-EF9B-C27977482568}"
EndProject
Global
	GlobalSection(SolutionConfigurationPlatforms) = preSolution
		Debug|Any CPU = Debug|Any CPU
		Release|Any CPU = Release|Any CPU
	EndGlobalSection
	GlobalSection(ProjectConfigurationPlatforms) = postSolution
		{E5C10F78-B883-088F-B31F-E8FCDE462C2B}.Debug|Any CPU.ActiveCfg = Debug|Any CPU
		{E5C10F78-B883-088F-B31F-E8FCDE462C2B}.Debug|Any CPU.Build.0 = Debug|Any CPU
		{E5C10F78-B883-088F-B31F-E8FCDE462C2B}.Release|Any CPU.ActiveCfg = Release|Any CPU
		{E5C10F78-B883-088F-B31F-E8FCDE462C2B}.Release|Any CPU.Build.0 = Release|Any CPU
		{4287F0FC-03CF-4705-6FE9-346641A1967E}.Debug|Any CPU.ActiveCfg = Debug|Any CPU
		{4287F0FC-03CF-4705-6FE9-346641A1967E}.Debug|Any CPU.Build.0 = Debug|Any CPU
		{4287F0FC-03CF-4705-6FE9-346641A1967E}.Release|Any CPU.ActiveCfg = Release|Any CPU
		{4287F0FC-03CF-4705-6FE9-346641A1967E}.Release|Any CPU.Build.0 = Release|Any CPU
		{60AB1F49-0FCE-2506-EF9B-C27977482568}.Debug|Any CPU.ActiveCfg = Debug|Any CPU
		{60AB1F49-0FCE-2506-EF9B-C27977482568}.Debug|Any CPU.Build.0 = Debug|Any CPU
		{60AB1F49-0FCE-2506-EF9B-C27977482568}.Release|Any CPU.ActiveCfg = Release|Any CPU
		{60AB1F49-0FCE-2506-EF9B-C27977482568}.Release|Any CPU.Build.0 = Release|Any CPU
	EndGlobalSection
	GlobalSection(SolutionProperties) = preSolution
		HideSolutionNode = FALSE
	EndGlobalSection
	GlobalSection(MonoDevelopProperties) = preSolution
		StartupItem = Assembly-CSharp.csproj
	EndGlobalSection
EndGlobal
